
Microsoft Visual Studio Solution File, Format Version 11.00
# Visual Studio 2010
Project("{F2A71F9B-5D33-465A-A702-920D77279786}") = "SmallCheck", "SmallCheck\SmallCheck.fsproj", "{02BBE530-5D83-423C-A9D2-5FC042485F1F}"
EndProject
Project("{F2A71F9B-5D33-465A-A702-920D77279786}") = "SmallCheck.Examples", "SmallCheck.Examples\SmallCheck.Examples.fsproj", "{317201A3-E67F-4200-9DC3-5933C097C5AE}"
EndProject
Global
	GlobalSection(SolutionConfigurationPlatforms) = preSolution
		Debug|Any CPU = Debug|Any CPU
		Debug|Mixed Platforms = Debug|Mixed Platforms
		Debug|x86 = Debug|x86
		Release|Any CPU = Release|Any CPU
		Release|Mixed Platforms = Release|Mixed Platforms
		Release|x86 = Release|x86
	EndGlobalSection
	GlobalSection(ProjectConfigurationPlatforms) = postSolution
		{02BBE530-5D83-423C-A9D2-5FC042485F1F}.Debug|Any CPU.ActiveCfg = Debug|Any CPU
		{02BBE530-5D83-423C-A9D2-5FC042485F1F}.Debug|Any CPU.Build.0 = Debug|Any CPU
		{02BBE530-5D83-423C-A9D2-5FC042485F1F}.Debug|Mixed Platforms.ActiveCfg = Debug|Any CPU
		{02BBE530-5D83-423C-A9D2-5FC042485F1F}.Debug|Mixed Platforms.Build.0 = Debug|Any CPU
		{02BBE530-5D83-423C-A9D2-5FC042485F1F}.Debug|x86.ActiveCfg = Debug|Any CPU
		{02BBE530-5D83-423C-A9D2-5FC042485F1F}.Release|Any CPU.ActiveCfg = Release|Any CPU
		{02BBE530-5D83-423C-A9D2-5FC042485F1F}.Release|Any CPU.Build.0 = Release|Any CPU
		{02BBE530-5D83-423C-A9D2-5FC042485F1F}.Release|Mixed Platforms.ActiveCfg = Release|Any CPU
		{02BBE530-5D83-423C-A9D2-5FC042485F1F}.Release|Mixed Platforms.Build.0 = Release|Any CPU
		{02BBE530-5D83-423C-A9D2-5FC042485F1F}.Release|x86.ActiveCfg = Release|Any CPU
		{317201A3-E67F-4200-9DC3-5933C097C5AE}.Debug|Any CPU.ActiveCfg = Debug|x86
		{317201A3-E67F-4200-9DC3-5933C097C5AE}.Debug|Mixed Platforms.ActiveCfg = Debug|x86
		{317201A3-E67F-4200-9DC3-5933C097C5AE}.Debug|Mixed Platforms.Build.0 = Debug|x86
		{317201A3-E67F-4200-9DC3-5933C097C5AE}.Debug|x86.ActiveCfg = Debug|x86
		{317201A3-E67F-4200-9DC3-5933C097C5AE}.Debug|x86.Build.0 = Debug|x86
		{317201A3-E67F-4200-9DC3-5933C097C5AE}.Release|Any CPU.ActiveCfg = Release|x86
		{317201A3-E67F-4200-9DC3-5933C097C5AE}.Release|Mixed Platforms.ActiveCfg = Release|x86
		{317201A3-E67F-4200-9DC3-5933C097C5AE}.Release|Mixed Platforms.Build.0 = Release|x86
		{317201A3-E67F-4200-9DC3-5933C097C5AE}.Release|x86.ActiveCfg = Release|x86
		{317201A3-E67F-4200-9DC3-5933C097C5AE}.Release|x86.Build.0 = Release|x86
	EndGlobalSection
	GlobalSection(SolutionProperties) = preSolution
		HideSolutionNode = FALSE
	EndGlobalSection
EndGlobal
